
Microsoft Visual Studio Solution File, Format Version 12.00
# Visual Studio Version 17
VisualStudioVersion = 17.0.31912.275
MinimumVisualStudioVersion = 10.0.40219.1
Project("{FAE04EC0-301F-11D3-BF4B-00C04F79EFBC}") = "PointOfSale", "PointOfSale\PointOfSale.csproj", "{E0554ECC-C91B-46A8-B867-D9A72A8451A3}"
EndProject
Global
	GlobalSection(SolutionConfigurationPlatforms) = preSolution
		Debug|Any CPU = Debug|Any CPU
		Release|Any CPU = Release|Any CPU
	EndGlobalSection
	GlobalSection(ProjectConfigurationPlatforms) = postSolution
		{E0554ECC-C91B-46A8-B867-D9A72A8451A3}.Debug|Any CPU.ActiveCfg = Debug|Any CPU
		{E0554ECC-C91B-46A8-B867-D9A72A8451A3}.Debug|Any CPU.Build.0 = Debug|Any CPU
		{E0554ECC-C91B-46A8-B867-D9A72A8451A3}.Release|Any CPU.ActiveCfg = Release|Any CPU
		{E0554ECC-C91B-46A8-B867-D9A72A8451A3}.Release|Any CPU.Build.0 = Release|Any CPU
	EndGlobalSection
	GlobalSection(SolutionProperties) = preSolution
		HideSolutionNode = FALSE
	EndGlobalSection
	GlobalSection(ExtensibilityGlobals) = postSolution
		SolutionGuid = {EEB4221B-6DE7-4383-B971-C0845339ABE1}
	EndGlobalSection
EndGlobal
